{
  "name": "ipfscloud",
  "version": "0.0.1",
  "lockfileVersion": 1,
  "requires": true,
  "dependencies": {
    "active-x-obfuscator": {
      "version": "0.0.1",
      "resolved": "https://registry.npmjs.org/active-x-obfuscator/-/active-x-obfuscator-0.0.1.tgz",
      "integrity": "sha1-CJuJs3FF/x2ex0r2UwvlUmyuHxo=",
      "requires": {
        "zeparser": "0.0.5"
      }
    },
    "async": {
      "version": "1.5.2",
      "resolved": "http://registry.npmjs.org/async/-/async-1.5.2.tgz",
      "integrity": "sha1-7GphrlZIDAw8skHJVhjiCJL5Zyo="
    },
    "async-limiter": {
      "version": "1.0.0",
      "resolved": "https://registry.npmjs.org/async-limiter/-/async-limiter-1.0.0.tgz",
      "integrity": "sha512-jp/uFnooOiO+L211eZOoSyzpOITMXx1rBITauYykG3BRYPu8h0UcxsPNB04RR5vo4Tyz3+ay17tR6JVf9qzYWg=="
    },
    "attachmediastream": {
      "version": "1.0.1",
      "resolved": "https://registry.npmjs.org/attachmediastream/-/attachmediastream-1.0.1.tgz",
      "integrity": "sha1-EUDYh3Rxh8+SblWidHmu9faH538="
    },
    "bower": {
      "version": "1.8.4",
      "resolved": "https://registry.npmjs.org/bower/-/bower-1.8.4.tgz",
      "integrity": "sha1-54dqB23rgTf30GUl3F6MZtuC8oo="
    },
    "cipher-base": {
      "version": "1.0.4",
      "resolved": "https://registry.npmjs.org/cipher-base/-/cipher-base-1.0.4.tgz",
      "integrity": "sha512-Kkht5ye6ZGmwv40uUDZztayT2ThLQGfnj/T71N/XzeZeo3nf8foyW7zGTsPYkEya3m5f3cAypH+qe7YOrM1U2Q==",
      "requires": {
        "inherits": "^2.0.1",
        "safe-buffer": "^5.0.1"
      }
    },
    "colors": {
      "version": "1.0.3",
      "resolved": "https://registry.npmjs.org/colors/-/colors-1.0.3.tgz",
      "integrity": "sha1-BDP0TYCWgP3rYO0mDxsMJi6CpAs="
    },
    "commander": {
      "version": "2.1.0",
      "resolved": "http://registry.npmjs.org/commander/-/commander-2.1.0.tgz",
      "integrity": "sha1-0SG7roYNmZKj1Re6lvVliOR8Z4E="
    },
    "corser": {
      "version": "2.0.1",
      "resolved": "https://registry.npmjs.org/corser/-/corser-2.0.1.tgz",
      "integrity": "sha1-jtolLsqrWEDc2XXOuQ2TcMgZ/4c="
    },
    "create-hash": {
      "version": "1.2.0",
      "resolved": "http://registry.npmjs.org/create-hash/-/create-hash-1.2.0.tgz",
      "integrity": "sha512-z00bCGNHDG8mHAkP7CtT1qVu+bFQUPjYq/4Iv3C3kWjTFV10zIjfSoeqXo9Asws8gwSHDGj/hl2u4OGIjapeCg==",
      "requires": {
        "cipher-base": "^1.0.1",
        "inherits": "^2.0.1",
        "md5.js": "^1.3.4",
        "ripemd160": "^2.0.1",
        "sha.js": "^2.4.0"
      }
    },
    "create-hmac": {
      "version": "1.1.7",
      "resolved": "http://registry.npmjs.org/create-hmac/-/create-hmac-1.1.7.tgz",
      "integrity": "sha512-MJG9liiZ+ogc4TzUwuvbER1JRdgvUFSB5+VR/g5h82fGaIRWMWddtKBHi7/sVhfjQZ6SehlyhvQYrcYkaUIpLg==",
      "requires": {
        "cipher-base": "^1.0.3",
        "create-hash": "^1.1.0",
        "inherits": "^2.0.1",
        "ripemd160": "^2.0.0",
        "safe-buffer": "^5.0.1",
        "sha.js": "^2.4.8"
      }
    },
    "debug": {
      "version": "3.1.0",
      "resolved": "https://registry.npmjs.org/debug/-/debug-3.1.0.tgz",
      "integrity": "sha512-OX8XqP7/1a9cqkxYw2yXss15f26NKWBpDXQd0/uK/KPqdQhxbPa994hnzjcE2VqQpDslf55723cKPUOGSmMY3g==",
      "requires": {
        "ms": "2.0.0"
      }
    },
    "ecstatic": {
      "version": "3.3.0",
      "resolved": "https://registry.npmjs.org/ecstatic/-/ecstatic-3.3.0.tgz",
      "integrity": "sha512-EblWYTd+wPIAMQ0U4oYJZ7QBypT9ZUIwpqli0bKDjeIIQnXDBK2dXtZ9yzRCOlkW1HkO8gn7/FxLK1yPIW17pw==",
      "requires": {
        "he": "^1.1.1",
        "mime": "^1.6.0",
        "minimist": "^1.1.0",
        "url-join": "^2.0.5"
      }
    },
    "eventemitter3": {
      "version": "3.1.0",
      "resolved": "https://registry.npmjs.org/eventemitter3/-/eventemitter3-3.1.0.tgz",
      "integrity": "sha512-ivIvhpq/Y0uSjcHDcOIccjmYjGLcP09MFGE7ysAwkAvkXfpZlC985pH2/ui64DKazbTW/4kN3yqozUxlXzI6cA=="
    },
    "filetransfer": {
      "version": "2.0.5",
      "resolved": "https://registry.npmjs.org/filetransfer/-/filetransfer-2.0.5.tgz",
      "integrity": "sha1-iHyARv5UbsiugVwzAaXDE1+js10=",
      "requires": {
        "async": "^0.9.0",
        "iana-hashes": "^1.0.0",
        "wildemitter": "1.x"
      },
      "dependencies": {
        "async": {
          "version": "0.9.2",
          "resolved": "http://registry.npmjs.org/async/-/async-0.9.2.tgz",
          "integrity": "sha1-rqdNXmHB+JlhO/ZL2mbUx48v0X0="
        }
      }
    },
    "follow-redirects": {
      "version": "1.5.9",
      "resolved": "https://registry.npmjs.org/follow-redirects/-/follow-redirects-1.5.9.tgz",
      "integrity": "sha512-Bh65EZI/RU8nx0wbYF9shkFZlqLP+6WT/5FnA3cE/djNSuKNHJEinGGZgu/cQEkeeb2GdFOgenAmn8qaqYke2w==",
      "requires": {
        "debug": "=3.1.0"
      }
    },
    "getscreenmedia": {
      "version": "1.5.6",
      "resolved": "https://registry.npmjs.org/getscreenmedia/-/getscreenmedia-1.5.6.tgz",
      "integrity": "sha1-pbJEsuOLOXhEtDg5piuPrzsTPK0=",
      "requires": {
        "getusermedia": "^2.0.0"
      },
      "dependencies": {
        "getusermedia": {
          "version": "2.0.1",
          "resolved": "https://registry.npmjs.org/getusermedia/-/getusermedia-2.0.1.tgz",
          "integrity": "sha1-+Br5eVvFk0ZJgT99CS3WUDCzRlU=",
          "requires": {
            "webrtc-adapter": "^2.0.2"
          }
        }
      }
    },
    "getusermedia": {
      "version": "1.3.7",
      "resolved": "https://registry.npmjs.org/getusermedia/-/getusermedia-1.3.7.tgz",
      "integrity": "sha1-RyVzS6t6YDt2tbJiZWcnPMbalaA=",
      "requires": {
        "webrtc-adapter": "^1.0.1"
      },
      "dependencies": {
        "webrtc-adapter": {
          "version": "1.4.0",
          "resolved": "http://registry.npmjs.org/webrtc-adapter/-/webrtc-adapter-1.4.0.tgz",
          "integrity": "sha1-WCiaY9BUxls2+w7zieovbQx/XZg=",
          "requires": {
            "sdp": "^1.0.0"
          }
        }
      }
    },
    "hark": {
      "version": "1.2.3",
      "resolved": "https://registry.npmjs.org/hark/-/hark-1.2.3.tgz",
      "integrity": "sha512-u68vz9SCa38ESiFJSDjqK8XbXqWzyot7Cj6Y2b6jk2NJ+II3MY2dIrLMg/kjtIAun4Y1DHF/20hfx4rq1G5GMg==",
      "requires": {
        "wildemitter": "^1.2.0"
      }
    },
    "hash-base": {
      "version": "3.0.4",
      "resolved": "https://registry.npmjs.org/hash-base/-/hash-base-3.0.4.tgz",
      "integrity": "sha1-X8hoaEfs1zSZQDMZprCj8/auSRg=",
      "requires": {
        "inherits": "^2.0.1",
        "safe-buffer": "^5.0.1"
      }
    },
    "he": {
      "version": "1.2.0",
      "resolved": "https://registry.npmjs.org/he/-/he-1.2.0.tgz",
      "integrity": "sha512-F/1DnUGPopORZi0ni+CvrCgHQ5FyEAHRLSApuYWMmrbSwoN2Mn/7k+Gl38gJnR7yyDZk6WLXwiGod1JOWNDKGw=="
    },
    "http-proxy": {
      "version": "1.17.0",
      "resolved": "https://registry.npmjs.org/http-proxy/-/http-proxy-1.17.0.tgz",
      "integrity": "sha512-Taqn+3nNvYRfJ3bGvKfBSRwy1v6eePlm3oc/aWVxZp57DQr5Eq3xhKJi7Z4hZpS8PC3H4qI+Yly5EmFacGuA/g==",
      "requires": {
        "eventemitter3": "^3.0.0",
        "follow-redirects": "^1.0.0",
        "requires-port": "^1.0.0"
      }
    },
    "http-server": {
      "version": "0.11.1",
      "resolved": "https://registry.npmjs.org/http-server/-/http-server-0.11.1.tgz",
      "integrity": "sha512-6JeGDGoujJLmhjiRGlt8yK8Z9Kl0vnl/dQoQZlc4oeqaUoAKQg94NILLfrY3oWzSyFaQCVNTcKE5PZ3cH8VP9w==",
      "requires": {
        "colors": "1.0.3",
        "corser": "~2.0.0",
        "ecstatic": "^3.0.0",
        "http-proxy": "^1.8.1",
        "opener": "~1.4.0",
        "optimist": "0.6.x",
        "portfinder": "^1.0.13",
        "union": "~0.4.3"
      }
    },
    "iana-hashes": {
      "version": "1.0.3",
      "resolved": "https://registry.npmjs.org/iana-hashes/-/iana-hashes-1.0.3.tgz",
      "integrity": "sha1-vqpvIOpIPw8631/+b1lLtQySjKo=",
      "requires": {
        "create-hash": "^1.1.0",
        "create-hmac": "^1.1.3"
      }
    },
    "inherits": {
      "version": "2.0.3",
      "resolved": "https://registry.npmjs.org/inherits/-/inherits-2.0.3.tgz",
      "integrity": "sha1-Yzwsg+PaQqUC9SRmAiSA9CCCYd4="
    },
    "localmedia": {
      "version": "1.2.1",
      "resolved": "https://registry.npmjs.org/localmedia/-/localmedia-1.2.1.tgz",
      "integrity": "sha1-H800K9SPtB0kSqK93d4wp5I+Vw8=",
      "requires": {
        "getscreenmedia": "^1.0.0",
        "getusermedia": "^1.0.0",
        "hark": "^1.0.0",
        "mediastream-gain": "^1.0.0",
        "mockconsole": "0.0.x",
        "webrtcsupport": "^2.2.0",
        "wildemitter": "^1.0.0"
      },
      "dependencies": {
        "webrtcsupport": {
          "version": "2.2.0",
          "resolved": "https://registry.npmjs.org/webrtcsupport/-/webrtcsupport-2.2.0.tgz",
          "integrity": "sha1-MtjJYIclraNSrwq2q/IayrUYKqY="
        }
      }
    },
    "lodash._arrayeach": {
      "version": "3.0.0",
      "resolved": "https://registry.npmjs.org/lodash._arrayeach/-/lodash._arrayeach-3.0.0.tgz",
      "integrity": "sha1-urFWsqkNPxu9XGU0AzSeXlkz754="
    },
    "lodash._arraymap": {
      "version": "3.0.0",
      "resolved": "https://registry.npmjs.org/lodash._arraymap/-/lodash._arraymap-3.0.0.tgz",
      "integrity": "sha1-Go/Q9MDfS2HeoHbXF83Jfwo8PmY="
    },
    "lodash._basecallback": {
      "version": "3.3.1",
      "resolved": "https://registry.npmjs.org/lodash._basecallback/-/lodash._basecallback-3.3.1.tgz",
      "integrity": "sha1-t7K7Q9whYEJKIczybFfkQ3cqjic=",
      "requires": {
        "lodash._baseisequal": "^3.0.0",
        "lodash._bindcallback": "^3.0.0",
        "lodash.isarray": "^3.0.0",
        "lodash.pairs": "^3.0.0"
      }
    },
    "lodash._baseeach": {
      "version": "3.0.4",
      "resolved": "https://registry.npmjs.org/lodash._baseeach/-/lodash._baseeach-3.0.4.tgz",
      "integrity": "sha1-z4cGVyyhROjZ11InyZDamC+TKvM=",
      "requires": {
        "lodash.keys": "^3.0.0"
      }
    },
    "lodash._baseget": {
      "version": "3.7.2",
      "resolved": "https://registry.npmjs.org/lodash._baseget/-/lodash._baseget-3.7.2.tgz",
      "integrity": "sha1-G2rh1frPPCVTI1ChPBGXy4u2dPQ="
    },
    "lodash._baseisequal": {
      "version": "3.0.7",
      "resolved": "https://registry.npmjs.org/lodash._baseisequal/-/lodash._baseisequal-3.0.7.tgz",
      "integrity": "sha1-2AJfdjOdKTQnZ9zIh85cuVpbUfE=",
      "requires": {
        "lodash.isarray": "^3.0.0",
        "lodash.istypedarray": "^3.0.0",
        "lodash.keys": "^3.0.0"
      }
    },
    "lodash._bindcallback": {
      "version": "3.0.1",
      "resolved": "https://registry.npmjs.org/lodash._bindcallback/-/lodash._bindcallback-3.0.1.tgz",
      "integrity": "sha1-5THCdkTPi1epnhftlbNcdIeJOS4="
    },
    "lodash._getnative": {
      "version": "3.9.1",
      "resolved": "https://registry.npmjs.org/lodash._getnative/-/lodash._getnative-3.9.1.tgz",
      "integrity": "sha1-VwvH3t5G1hzc3mh9ZdPuy6o6r/U="
    },
    "lodash._topath": {
      "version": "3.8.1",
      "resolved": "https://registry.npmjs.org/lodash._topath/-/lodash._topath-3.8.1.tgz",
      "integrity": "sha1-PsXiYGAU9MuX91X+aRTt2L/ADqw=",
      "requires": {
        "lodash.isarray": "^3.0.0"
      }
    },
    "lodash.foreach": {
      "version": "3.0.3",
      "resolved": "https://registry.npmjs.org/lodash.foreach/-/lodash.foreach-3.0.3.tgz",
      "integrity": "sha1-b9fvt5aRrs1n/erCdhyY5wHWw5o=",
      "requires": {
        "lodash._arrayeach": "^3.0.0",
        "lodash._baseeach": "^3.0.0",
        "lodash._bindcallback": "^3.0.0",
        "lodash.isarray": "^3.0.0"
      }
    },
    "lodash.isarguments": {
      "version": "3.1.0",
      "resolved": "https://registry.npmjs.org/lodash.isarguments/-/lodash.isarguments-3.1.0.tgz",
      "integrity": "sha1-L1c9hcaiQon/AGY7SRwdM4/zRYo="
    },
    "lodash.isarray": {
      "version": "3.0.4",
      "resolved": "https://registry.npmjs.org/lodash.isarray/-/lodash.isarray-3.0.4.tgz",
      "integrity": "sha1-eeTriMNqgSKvhvhEqpvNhRtfu1U="
    },
    "lodash.istypedarray": {
      "version": "3.0.6",
      "resolved": "https://registry.npmjs.org/lodash.istypedarray/-/lodash.istypedarray-3.0.6.tgz",
      "integrity": "sha1-yaR3SYYHUB2OhJTSg7h8OSgc72I="
    },
    "lodash.keys": {
      "version": "3.1.2",
      "resolved": "https://registry.npmjs.org/lodash.keys/-/lodash.keys-3.1.2.tgz",
      "integrity": "sha1-TbwEcrFWvlCgsoaFXRvQsMZWCYo=",
      "requires": {
        "lodash._getnative": "^3.0.0",
        "lodash.isarguments": "^3.0.0",
        "lodash.isarray": "^3.0.0"
      }
    },
    "lodash.map": {
      "version": "3.1.4",
      "resolved": "https://registry.npmjs.org/lodash.map/-/lodash.map-3.1.4.tgz",
      "integrity": "sha1-tIOs0beGxce0ksSV97UmYim8AMI=",
      "requires": {
        "lodash._arraymap": "^3.0.0",
        "lodash._basecallback": "^3.0.0",
        "lodash._baseeach": "^3.0.0",
        "lodash.isarray": "^3.0.0",
        "lodash.keys": "^3.0.0"
      }
    },
    "lodash.pairs": {
      "version": "3.0.1",
      "resolved": "https://registry.npmjs.org/lodash.pairs/-/lodash.pairs-3.0.1.tgz",
      "integrity": "sha1-u+CNV4bu6qCaFckevw3LfSvjJqk=",
      "requires": {
        "lodash.keys": "^3.0.0"
      }
    },
    "lodash.pluck": {
      "version": "3.1.2",
      "resolved": "https://registry.npmjs.org/lodash.pluck/-/lodash.pluck-3.1.2.tgz",
      "integrity": "sha1-s0fwN0wBafDusE1nLYnOyGMsIjE=",
      "requires": {
        "lodash._baseget": "^3.0.0",
        "lodash._topath": "^3.0.0",
        "lodash.isarray": "^3.0.0",
        "lodash.map": "^3.0.0"
      }
    },
    "md5.js": {
      "version": "1.3.5",
      "resolved": "https://registry.npmjs.org/md5.js/-/md5.js-1.3.5.tgz",
      "integrity": "sha512-xitP+WxNPcTTOgnTJcrhM0xvdPepipPSf3I8EIpGKeFLjt3PlJLIDG3u8EX53ZIubkb+5U2+3rELYpEhHhzdkg==",
      "requires": {
        "hash-base": "^3.0.0",
        "inherits": "^2.0.1",
        "safe-buffer": "^5.1.2"
      }
    },
    "mediastream-gain": {
      "version": "1.0.1",
      "resolved": "https://registry.npmjs.org/mediastream-gain/-/mediastream-gain-1.0.1.tgz",
      "integrity": "sha1-SrrVeL2uviXLZViYkx2IFe5uY2A=",
      "requires": {
        "webrtcsupport": "^1.0.0"
      }
    },
    "mime": {
      "version": "1.6.0",
      "resolved": "https://registry.npmjs.org/mime/-/mime-1.6.0.tgz",
      "integrity": "sha512-x0Vn8spI+wuJ1O6S7gnbaQg8Pxh4NNHb7KSINmEWKiPE4RKOplvijn+NkmYmmRgP68mc70j2EbeTFRsrswaQeg=="
    },
    "minimist": {
      "version": "1.2.0",
      "resolved": "http://registry.npmjs.org/minimist/-/minimist-1.2.0.tgz",
      "integrity": "sha1-o1AIsg9BOD7sH7kU9M1d95omQoQ="
    },
    "mkdirp": {
      "version": "0.5.1",
      "resolved": "http://registry.npmjs.org/mkdirp/-/mkdirp-0.5.1.tgz",
      "integrity": "sha1-MAV0OOrGz3+MR2fzhkjWaX11yQM=",
      "requires": {
        "minimist": "0.0.8"
      },
      "dependencies": {
        "minimist": {
          "version": "0.0.8",
          "resolved": "http://registry.npmjs.org/minimist/-/minimist-0.0.8.tgz",
          "integrity": "sha1-hX/Kv8M5fSYluCKCYuhqp6ARsF0="
        }
      }
    },
    "mockconsole": {
      "version": "0.0.1",
      "resolved": "https://registry.npmjs.org/mockconsole/-/mockconsole-0.0.1.tgz",
      "integrity": "sha1-1ip+2FUwlkq80k7bnzD6WLvOVsY="
    },
    "ms": {
      "version": "2.0.0",
      "resolved": "https://registry.npmjs.org/ms/-/ms-2.0.0.tgz",
      "integrity": "sha1-VgiurfwAvmwpAd9fmGF4jeDVl8g="
    },
    "nan": {
      "version": "1.0.0",
      "resolved": "http://registry.npmjs.org/nan/-/nan-1.0.0.tgz",
      "integrity": "sha1-riT4hQgY1mL8q1rPfzuVv6oszzg="
    },
    "opener": {
      "version": "1.4.3",
      "resolved": "https://registry.npmjs.org/opener/-/opener-1.4.3.tgz",
      "integrity": "sha1-XG2ixdflgx6P+jlklQ+NZnSskLg="
    },
    "optimist": {
      "version": "0.6.1",
      "resolved": "https://registry.npmjs.org/optimist/-/optimist-0.6.1.tgz",
      "integrity": "sha1-2j6nRob6IaGaERwybpDrFaAZZoY=",
      "requires": {
        "minimist": "~0.0.1",
        "wordwrap": "~0.0.2"
      },
      "dependencies": {
        "minimist": {
          "version": "0.0.10",
          "resolved": "http://registry.npmjs.org/minimist/-/minimist-0.0.10.tgz",
          "integrity": "sha1-3j+YVD2/lggr5IrRoMfNqDYwHc8="
        }
      }
    },
    "options": {
      "version": "0.0.6",
      "resolved": "https://registry.npmjs.org/options/-/options-0.0.6.tgz",
      "integrity": "sha1-7CLTEoBrtT5zF3Pnza788cZDEo8="
    },
    "portfinder": {
      "version": "1.0.19",
      "resolved": "https://registry.npmjs.org/portfinder/-/portfinder-1.0.19.tgz",
      "integrity": "sha512-23aeQKW9KgHe6citUrG3r9HjeX6vls0h713TAa+CwTKZwNIr/pD2ApaxYF4Um3ZZyq4ar+Siv3+fhoHaIwSOSw==",
      "requires": {
        "async": "^1.5.2",
        "debug": "^2.2.0",
        "mkdirp": "0.5.x"
      },
      "dependencies": {
        "debug": {
          "version": "2.6.9",
          "resolved": "https://registry.npmjs.org/debug/-/debug-2.6.9.tgz",
          "integrity": "sha512-bC7ElrdJaJnPbAP+1EotYvqZsb3ecl5wi6Bfi6BJTUcNowp6cvspg0jXznRTKDjm/E7AdgFBVeAPVMNcKGsHMA==",
          "requires": {
            "ms": "2.0.0"
          }
        }
      }
    },
    "qs": {
      "version": "2.3.3",
      "resolved": "https://registry.npmjs.org/qs/-/qs-2.3.3.tgz",
      "integrity": "sha1-6eha2+ddoLvkyOBHaghikPhjtAQ="
    },
    "requires-port": {
      "version": "1.0.0",
      "resolved": "https://registry.npmjs.org/requires-port/-/requires-port-1.0.0.tgz",
      "integrity": "sha1-kl0mAdOaxIXgkc8NpcbmlNw9yv8="
    },
    "ripemd160": {
      "version": "2.0.2",
      "resolved": "https://registry.npmjs.org/ripemd160/-/ripemd160-2.0.2.tgz",
      "integrity": "sha512-ii4iagi25WusVoiC4B4lq7pbXfAp3D9v5CwfkY33vffw2+pkDjY1D8GaN7spsxvCSx8dkPqOZCEZyfxcmJG2IA==",
      "requires": {
        "hash-base": "^3.0.0",
        "inherits": "^2.0.1"
      }
    },
    "rtcpeerconnection": {
      "version": "3.1.6",
      "resolved": "https://registry.npmjs.org/rtcpeerconnection/-/rtcpeerconnection-3.1.6.tgz",
      "integrity": "sha1-BM7LuC3h59gOYPnmBZM0EBIvUG4=",
      "requires": {
        "lodash.foreach": "^3.0.2",
        "lodash.pluck": "^3.0.2",
        "sdp-jingle-json": "2.x",
        "traceablepeerconnection": "^1.0.0",
        "webrtc-adapter-test": "^0.2.3",
        "wildemitter": "1.x"
      }
    },
    "safe-buffer": {
      "version": "5.1.2",
      "resolved": "https://registry.npmjs.org/safe-buffer/-/safe-buffer-5.1.2.tgz",
      "integrity": "sha512-Gd2UZBJDkXlY7GbJxfsE8/nvKkUEU1G38c1siN6QP6a9PT9MmHB8GnpscSmMJSoF8LOIrt8ud/wPtojys4G6+g=="
    },
    "sdp": {
      "version": "1.5.4",
      "resolved": "https://registry.npmjs.org/sdp/-/sdp-1.5.4.tgz",
      "integrity": "sha1-jgOPbdsUvXZa4fS1IW4SCUUR4NA="
    },
    "sdp-jingle-json": {
      "version": "2.2.1",
      "resolved": "https://registry.npmjs.org/sdp-jingle-json/-/sdp-jingle-json-2.2.1.tgz",
      "integrity": "sha1-FuNEWaxVDjkaZnO1L4lw71bAVTg="
    },
    "sha.js": {
      "version": "2.4.11",
      "resolved": "http://registry.npmjs.org/sha.js/-/sha.js-2.4.11.tgz",
      "integrity": "sha512-QMEp5B7cftE7APOjk5Y6xgrbWu+WkLVQwk8JNjZ8nKRciZaByEW6MubieAiToS7+dwvrjGhH8jRXz3MVd0AYqQ==",
      "requires": {
        "inherits": "^2.0.1",
        "safe-buffer": "^5.0.1"
      }
    },
    "simplewebrtc": {
      "version": "1.19.1",
      "resolved": "https://registry.npmjs.org/simplewebrtc/-/simplewebrtc-1.19.1.tgz",
      "integrity": "sha1-bKqq4BoqKU7J/rETj70phJs9xRs=",
      "requires": {
        "attachmediastream": "1.0.1",
        "filetransfer": "^2.0.0",
        "localmedia": "^1.0.2",
        "mockconsole": "0.0.1",
        "rtcpeerconnection": "^3.0.6",
        "socket.io-client": "0.9.16",
        "webrtcsupport": "^1.2.4",
        "wildemitter": "1.x"
      }
    },
    "socket.io-client": {
      "version": "0.9.16",
      "resolved": "https://registry.npmjs.org/socket.io-client/-/socket.io-client-0.9.16.tgz",
      "integrity": "sha1-TadRXF53MEHRtCOXBBW8xDDzX8Y=",
      "requires": {
        "active-x-obfuscator": "0.0.1",
        "uglify-js": "1.2.5",
        "ws": "0.4.x",
        "xmlhttprequest": "1.4.2"
      }
    },
    "tinycolor": {
      "version": "0.0.1",
      "resolved": "https://registry.npmjs.org/tinycolor/-/tinycolor-0.0.1.tgz",
      "integrity": "sha1-MgtaUtg6u1l42Bo+iH1K77FaYWQ="
    },
    "traceablepeerconnection": {
      "version": "1.2.0",
      "resolved": "https://registry.npmjs.org/traceablepeerconnection/-/traceablepeerconnection-1.2.0.tgz",
      "integrity": "sha1-wSaKzOqLfZ5c11GXiMjvz8Pa7ys=",
      "requires": {
        "webrtc-adapter": "^1.0",
        "wildemitter": "1.x"
      },
      "dependencies": {
        "webrtc-adapter": {
          "version": "1.4.0",
          "resolved": "http://registry.npmjs.org/webrtc-adapter/-/webrtc-adapter-1.4.0.tgz",
          "integrity": "sha1-WCiaY9BUxls2+w7zieovbQx/XZg=",
          "requires": {
            "sdp": "^1.0.0"
          }
        }
      }
    },
    "uglify-js": {
      "version": "1.2.5",
      "resolved": "http://registry.npmjs.org/uglify-js/-/uglify-js-1.2.5.tgz",
      "integrity": "sha1-tULCx29477NLIAsgF3Y0Mw/3ArY="
    },
    "union": {
      "version": "0.4.6",
      "resolved": "https://registry.npmjs.org/union/-/union-0.4.6.tgz",
      "integrity": "sha1-GY+9rrolTniLDvy2MLwR8kopWeA=",
      "requires": {
        "qs": "~2.3.3"
      }
    },
    "url-join": {
      "version": "2.0.5",
      "resolved": "https://registry.npmjs.org/url-join/-/url-join-2.0.5.tgz",
      "integrity": "sha1-WvIvGMBSoACkjXuCxenC4v7tpyg="
    },
    "webrtc-adapter": {
      "version": "2.1.0",
      "resolved": "http://registry.npmjs.org/webrtc-adapter/-/webrtc-adapter-2.1.0.tgz",
      "integrity": "sha1-YStbxs6Oc8nQZgA4oh+SVahnvz4=",
      "requires": {
        "sdp": "^1.0.0"
      }
    },
    "webrtc-adapter-test": {
      "version": "0.2.10",
      "resolved": "https://registry.npmjs.org/webrtc-adapter-test/-/webrtc-adapter-test-0.2.10.tgz",
      "integrity": "sha1-o7GXdye/mHIK2HzXqUIkd+W5ttU="
    },
    "webrtcsupport": {
      "version": "1.3.2",
      "resolved": "https://registry.npmjs.org/webrtcsupport/-/webrtcsupport-1.3.2.tgz",
      "integrity": "sha1-Thd3RxqtpI9fSo6Jnpdde4HSjwA="
    },
    "wildemitter": {
      "version": "1.2.0",
      "resolved": "https://registry.npmjs.org/wildemitter/-/wildemitter-1.2.0.tgz",
      "integrity": "sha1-Kd06ctaZw+J53QIcPNIVC4LJohE="
    },
    "wordwrap": {
      "version": "0.0.3",
      "resolved": "https://registry.npmjs.org/wordwrap/-/wordwrap-0.0.3.tgz",
      "integrity": "sha1-o9XabNXAvAAI03I0u68b7WMFkQc="
    },
    "ws": {
      "version": "0.4.32",
      "resolved": "http://registry.npmjs.org/ws/-/ws-0.4.32.tgz",
      "integrity": "sha1-eHphVEFPPJntg8V3IVOyD+sM7DI=",
      "requires": {
        "commander": "~2.1.0",
        "nan": "~1.0.0",
        "options": ">=0.0.5",
        "tinycolor": "0.x"
      }
    },
    "xmlhttprequest": {
      "version": "1.4.2",
      "resolved": "https://registry.npmjs.org/xmlhttprequest/-/xmlhttprequest-1.4.2.tgz",
      "integrity": "sha1-AUU6HZvtHo8XL2SVu/TIxCYyFQA="
    },
    "y-array": {
      "version": "10.1.4",
      "resolved": "https://registry.npmjs.org/y-array/-/y-array-10.1.4.tgz",
      "integrity": "sha1-4TGlsDDW3LyhAmjUKT7PRL2uezQ="
    },
    "y-map": {
      "version": "10.1.3",
      "resolved": "https://registry.npmjs.org/y-map/-/y-map-10.1.3.tgz",
      "integrity": "sha1-oVgCztusNp5Qa5b2je+PCi6DYZY="
    },
    "y-memory": {
      "version": "8.0.9",
      "resolved": "https://registry.npmjs.org/y-memory/-/y-memory-8.0.9.tgz",
      "integrity": "sha512-OrcReh6DgZhz5R7JGXqAH53T0Ygw24qcxKj4jN9w2DIi2eIiKFCD5Y6apBTTNxiw2FaVP15F+M8phRRIMXFGBQ=="
    },
    "y-webrtc": {
      "version": "8.0.7",
      "resolved": "https://registry.npmjs.org/y-webrtc/-/y-webrtc-8.0.7.tgz",
      "integrity": "sha1-7Mj/MRMLFQxyo4RUFpgg/8Nfg1s=",
      "requires": {
        "simplewebrtc": "^1.18.0"
      }
    },
    "yjs": {
      "version": "13.0.0-69",
      "resolved": "https://registry.npmjs.org/yjs/-/yjs-13.0.0-69.tgz",
      "integrity": "sha512-OoGYEoUdyqdY8l+dmulSRlU3wJOrAX0ggvgAhfJsFjzAKoad43OpZbyUFVxALcrKNwHu/IpnWo1nd20qiBkInw==",
      "requires": {
        "ws": "^6.1.0"
      },
      "dependencies": {
        "ws": {
          "version": "6.1.0",
          "resolved": "https://registry.npmjs.org/ws/-/ws-6.1.0.tgz",
          "integrity": "sha512-H3dGVdGvW2H8bnYpIDc3u3LH8Wue3Qh+Zto6aXXFzvESkTVT6rAfKR6tR/+coaUvxs8yHtmNV0uioBF62ZGSTg==",
          "requires": {
            "async-limiter": "~1.0.0"
          }
        }
      }
    },
    "zeparser": {
      "version": "0.0.5",
      "resolved": "https://registry.npmjs.org/zeparser/-/zeparser-0.0.5.tgz",
      "integrity": "sha1-A3JlYbwmjy5URPVMZlt/1KjAKeI="
    }
  }
}
